lockVersion: 2.0.0
id: f54f0795-3b37-43ef-8a0f-1a7b35a560fb
management:
  docChecksum: e6962541210309aac0a4d72470a97aaa
  docVersion: 1.0.0
  speakeasyVersion: 1.570.2
  generationVersion: 2.638.5
  releaseVersion: 0.5.0
  configChecksum: bce53b53bd7c4229a76b11d729a3a461
  repoURL: https://github.com/ShortGenius/shortgenius-sdk-typescript.git
  installationURL: https://github.com/ShortGenius/shortgenius-sdk-typescript
  published: true
features:
  typescript:
    additionalDependencies: 0.1.0
    constsAndDefaults: 0.1.12
    core: 3.21.11
    defaultEnabledRetries: 0.1.0
    devContainers: 2.90.0
    enumUnions: 0.1.0
    envVarSecurityUsage: 0.1.2
    flattening: 2.82.1
    globalSecurity: 2.82.13
    globalSecurityCallbacks: 0.1.0
    globalSecurityFlattening: 0.1.0
    globalServerURLs: 2.82.5
    groups: 2.81.2
    mcpServer: 0.9.2
    nameOverrides: 2.81.2
    nullables: 0.1.1
    responseFormat: 0.2.3
    retries: 2.83.0
    sdkHooks: 0.3.0
    unions: 2.85.11
generatedFiles:
  - .devcontainer/README.md
  - .devcontainer/devcontainer.json
  - .devcontainer/setup.sh
  - .gitattributes
  - .npmignore
  - FUNCTIONS.md
  - RUNTIMES.md
  - USAGE.md
  - docs/lib/utils/retryconfig.md
  - docs/models/components/animationmodel.md
  - docs/models/components/artifacts.md
  - docs/models/components/aspectratio.md
  - docs/models/components/audio.md
  - docs/models/components/audiolocale.md
  - docs/models/components/audiostate.md
  - docs/models/components/captionalignment.md
  - docs/models/components/captionanimation.md
  - docs/models/components/captiondisplay.md
  - docs/models/components/captiontexttransform.md
  - docs/models/components/categories.md
  - docs/models/components/category.md
  - docs/models/components/connection.md
  - docs/models/components/connectiontype.md
  - docs/models/components/contenttype.md
  - docs/models/components/customwatermark.md
  - docs/models/components/data.md
  - docs/models/components/draftquizvideo.md
  - docs/models/components/draftscene.md
  - docs/models/components/draftvideo.md
  - docs/models/components/eight.md
  - docs/models/components/firstimageanimationmodel.md
  - docs/models/components/five.md
  - docs/models/components/four.md
  - docs/models/components/image.md
  - docs/models/components/imageaspectratio.md
  - docs/models/components/imageformat.md
  - docs/models/components/imageinfo.md
  - docs/models/components/imagestyle.md
  - docs/models/components/imagestylerecommendations.md
  - docs/models/components/large.md
  - docs/models/components/links.md
  - docs/models/components/locale.md
  - docs/models/components/maskimage.md
  - docs/models/components/media.md
  - docs/models/components/mediadata.md
  - docs/models/components/mediaimage.md
  - docs/models/components/mediametadata.md
  - docs/models/components/mediaresults.md
  - docs/models/components/mediasource.md
  - docs/models/components/mediastate.md
  - docs/models/components/medium.md
  - docs/models/components/metadata.md
  - docs/models/components/musicgenre.md
  - docs/models/components/nine.md
  - docs/models/components/one.md
  - docs/models/components/one1.md
  - docs/models/components/one2.md
  - docs/models/components/one3.md
  - docs/models/components/one4.md
  - docs/models/components/one5.md
  - docs/models/components/one6.md
  - docs/models/components/one7.md
  - docs/models/components/onedata.md
  - docs/models/components/oneimage.md
  - docs/models/components/onelinks.md
  - docs/models/components/onequality.md
  - docs/models/components/oneuser.md
  - docs/models/components/options.md
  - docs/models/components/privacy.md
  - docs/models/components/privacylevel.md
  - docs/models/components/profileimage.md
  - docs/models/components/publishingstate.md
  - docs/models/components/quality.md
  - docs/models/components/questions.md
  - docs/models/components/quiz.md
  - docs/models/components/recommendations.md
  - docs/models/components/recommendedforlocales.md
  - docs/models/components/result.md
  - docs/models/components/results.md
  - docs/models/components/schedule.md
  - docs/models/components/secondimageanimationmodel.md
  - docs/models/components/security.md
  - docs/models/components/series.md
  - docs/models/components/series1data.md
  - docs/models/components/series1thumbnaildata.md
  - docs/models/components/series1thumbnailmedia1data.md
  - docs/models/components/series1thumbnailmedia6data.md
  - docs/models/components/series1thumbnailmedia7data.md
  - docs/models/components/series1thumbnailmediadata.md
  - docs/models/components/series2data.md
  - docs/models/components/series2metadata.md
  - docs/models/components/series2source.md
  - docs/models/components/series2state.md
  - docs/models/components/series2thumbnaildata.md
  - docs/models/components/series2thumbnailmetadata.md
  - docs/models/components/series2thumbnailsource.md
  - docs/models/components/series2thumbnailstate.md
  - docs/models/components/series3data.md
  - docs/models/components/series3metadata.md
  - docs/models/components/series3source.md
  - docs/models/components/series3state.md
  - docs/models/components/series3thumbnaildata.md
  - docs/models/components/series3thumbnailmediadata.md
  - docs/models/components/series3thumbnailmediametadata.md
  - docs/models/components/series3thumbnailmediasource.md
  - docs/models/components/series3thumbnailmediastate.md
  - docs/models/components/series3thumbnailmetadata.md
  - docs/models/components/series3thumbnailsource.md
  - docs/models/components/series3thumbnailstate.md
  - docs/models/components/series6data.md
  - docs/models/components/series6source.md
  - docs/models/components/series7data.md
  - docs/models/components/series7metadata.md
  - docs/models/components/series7state.md
  - docs/models/components/seriescaptionalignment.md
  - docs/models/components/seriescaptiontexttransform.md
  - docs/models/components/seriescustomwatermarkcaptionalignment.md
  - docs/models/components/seriescustomwatermarkcaptiontexttransform.md
  - docs/models/components/seriesimagestyle.md
  - docs/models/components/seriesmediadata.md
  - docs/models/components/seriesmediametadata.md
  - docs/models/components/seriesmediasource.md
  - docs/models/components/seriesmediastate.md
  - docs/models/components/seriesmediathumbnaildata.md
  - docs/models/components/seriesmediathumbnailmetadata.md
  - docs/models/components/seriesmediathumbnailstate.md
  - docs/models/components/seriesprivacylevel.md
  - docs/models/components/seriesrecommendations.md
  - docs/models/components/seriesvoice.md
  - docs/models/components/seven.md
  - docs/models/components/seven1.md
  - docs/models/components/seven2.md
  - docs/models/components/sevenaspectratio.md
  - docs/models/components/sevendata.md
  - docs/models/components/sevenmetadata.md
  - docs/models/components/sevenstate.md
  - docs/models/components/six.md
  - docs/models/components/six1.md
  - docs/models/components/six2.md
  - docs/models/components/sixdata.md
  - docs/models/components/sixmetadata.md
  - docs/models/components/sixsource.md
  - docs/models/components/sixstate.md
  - docs/models/components/small.md
  - docs/models/components/song.md
  - docs/models/components/soundtrack.md
  - docs/models/components/soundtrackbehavior.md
  - docs/models/components/source.md
  - docs/models/components/sourcemedia.md
  - docs/models/components/src.md
  - docs/models/components/state.md
  - docs/models/components/styles.md
  - docs/models/components/tags.md
  - docs/models/components/theme.md
  - docs/models/components/three.md
  - docs/models/components/three1.md
  - docs/models/components/three2.md
  - docs/models/components/three3.md
  - docs/models/components/three4.md
  - docs/models/components/threedata.md
  - docs/models/components/threeimage.md
  - docs/models/components/threemaskimage.md
  - docs/models/components/threemetadata.md
  - docs/models/components/threeresults.md
  - docs/models/components/threesource.md
  - docs/models/components/threestate.md
  - docs/models/components/thumbnail.md
  - docs/models/components/tiktoksettings.md
  - docs/models/components/times.md
  - docs/models/components/timezone.md
  - docs/models/components/tiny.md
  - docs/models/components/tracks.md
  - docs/models/components/transcript.md
  - docs/models/components/two.md
  - docs/models/components/two1.md
  - docs/models/components/two2.md
  - docs/models/components/two3.md
  - docs/models/components/twoanimationmodel.md
  - docs/models/components/twoaspectratio.md
  - docs/models/components/twodata.md
  - docs/models/components/twometadata.md
  - docs/models/components/twosource.md
  - docs/models/components/twostate.md
  - docs/models/components/twovideo.md
  - docs/models/components/type.md
  - docs/models/components/urls.md
  - docs/models/components/user.md
  - docs/models/components/video.md
  - docs/models/components/videofiles.md
  - docs/models/components/videopictures.md
  - docs/models/components/videos.md
  - docs/models/components/voice.md
  - docs/models/components/voicelocale.md
  - docs/models/components/words.md
  - docs/models/components/xsettings.md
  - docs/models/components/youtubesettings.md
  - docs/models/errors/createimageresponsebody.md
  - docs/models/errors/createimageresponseresponsebody.md
  - docs/models/errors/createseriesresponsebody.md
  - docs/models/errors/createseriesresponseresponsebody.md
  - docs/models/errors/createspeechresponsebody.md
  - docs/models/errors/createspeechresponseresponsebody.md
  - docs/models/errors/createvideoresponsebody.md
  - docs/models/errors/createvideoresponseresponsebody.md
  - docs/models/errors/draftnewsvideoresponsebody.md
  - docs/models/errors/draftnewsvideoresponseresponsebody.md
  - docs/models/errors/draftquizvideoresponsebody.md
  - docs/models/errors/draftquizvideoresponseresponsebody.md
  - docs/models/errors/draftvideofromscriptresponsebody.md
  - docs/models/errors/draftvideofromscriptresponseresponsebody.md
  - docs/models/errors/draftvideofromurlresponsebody.md
  - docs/models/errors/draftvideofromurlresponseresponsebody.md
  - docs/models/errors/draftvideoresponsebody.md
  - docs/models/errors/draftvideoresponseresponsebody.md
  - docs/models/errors/generatevideotopicsresponsebody.md
  - docs/models/errors/generatevideotopicsresponseresponsebody.md
  - docs/models/errors/getallaudioresponsebody.md
  - docs/models/errors/getallseriesresponsebody.md
  - docs/models/errors/getaudioresponsebody.md
  - docs/models/errors/getconnectionsresponsebody.md
  - docs/models/errors/getimageresponsebody.md
  - docs/models/errors/getimagesresponsebody.md
  - docs/models/errors/getimagestylesresponsebody.md
  - docs/models/errors/getmusicresponsebody.md
  - docs/models/errors/getseriesresponsebody.md
  - docs/models/errors/getvideoresponsebody.md
  - docs/models/errors/getvideosresponsebody.md
  - docs/models/errors/getvoiceresponsebody.md
  - docs/models/errors/getvoicesresponsebody.md
  - docs/models/operations/ad.md
  - docs/models/operations/animationmodel.md
  - docs/models/operations/animationmodelpreset.md
  - docs/models/operations/artifacts.md
  - docs/models/operations/aspectratio.md
  - docs/models/operations/balance.md
  - docs/models/operations/captionalignment.md
  - docs/models/operations/captionanimation.md
  - docs/models/operations/captiondisplay.md
  - docs/models/operations/captiontexttransform.md
  - docs/models/operations/categories.md
  - docs/models/operations/category.md
  - docs/models/operations/checkhealthresponsebody.md
  - docs/models/operations/contenttype.md
  - docs/models/operations/createimageaspectratio.md
  - docs/models/operations/createimagerequestbody.md
  - docs/models/operations/createseriesad.md
  - docs/models/operations/createseriesanimationmodel.md
  - docs/models/operations/createseriesanimationmodelpreset.md
  - docs/models/operations/createseriesaspectratio.md
  - docs/models/operations/createseriescontenttype.md
  - docs/models/operations/createseriesimagemodel.md
  - docs/models/operations/createseriesimagequality.md
  - docs/models/operations/createserieslocale.md
  - docs/models/operations/createseriesrequestbody.md
  - docs/models/operations/createseriestype.md
  - docs/models/operations/createseriesugcmedia.md
  - docs/models/operations/createseriesugcmediadata.md
  - docs/models/operations/createseriesugcmediarequestdata.md
  - docs/models/operations/createseriesugcmediarequestsource.md
  - docs/models/operations/createseriesugcmediasource.md
  - docs/models/operations/createspeechlocale.md
  - docs/models/operations/createspeechrequestbody.md
  - docs/models/operations/createvideolocale.md
  - docs/models/operations/createvideorequestbody.md
  - docs/models/operations/customwatermark.md
  - docs/models/operations/data.md
  - docs/models/operations/draftnewsvideolocale.md
  - docs/models/operations/draftnewsvideorequestbody.md
  - docs/models/operations/draftquizvideolocale.md
  - docs/models/operations/draftquizvideorequestbody.md
  - docs/models/operations/draftvideofromscriptrequestbody.md
  - docs/models/operations/draftvideofromurllocale.md
  - docs/models/operations/draftvideofromurlrequestbody.md
  - docs/models/operations/draftvideorequestbody.md
  - docs/models/operations/duration.md
  - docs/models/operations/eight.md
  - docs/models/operations/eleven.md
  - docs/models/operations/five.md
  - docs/models/operations/four.md
  - docs/models/operations/generatevideotopicscontenttype.md
  - docs/models/operations/generatevideotopicslocale.md
  - docs/models/operations/generatevideotopicsrequestbody.md
  - docs/models/operations/getallaudiorequest.md
  - docs/models/operations/getallaudioresponsebody.md
  - docs/models/operations/getallseriesrequest.md
  - docs/models/operations/getallseriesresponsebody.md
  - docs/models/operations/getaudiorequest.md
  - docs/models/operations/getimage1response200state.md
  - docs/models/operations/getimage1responsestate.md
  - docs/models/operations/getimage1state.md
  - docs/models/operations/getimagerequest.md
  - docs/models/operations/getimageresponsebody.md
  - docs/models/operations/getimageresponsebodyresponse200applicationjson11state.md
  - docs/models/operations/getimageresponsebodyresponse200applicationjsonstate.md
  - docs/models/operations/getimageresponsebodyresponse200state.md
  - docs/models/operations/getimageresponsebodyresponsestate.md
  - docs/models/operations/getimageresponsebodystate.md
  - docs/models/operations/getimagesrequest.md
  - docs/models/operations/getimagesresponsebody.md
  - docs/models/operations/getmusicrequest.md
  - docs/models/operations/getseries11.md
  - docs/models/operations/getseries12.md
  - docs/models/operations/getseries13.md
  - docs/models/operations/getseries14.md
  - docs/models/operations/getseries1data.md
  - docs/models/operations/getseries1response200applicationjsondata.md
  - docs/models/operations/getseries1response200applicationjsonresponsebodydata.md
  - docs/models/operations/getseries1response200applicationjsonresponsebodythumbnaildata.md
  - docs/models/operations/getseries1response200data.md
  - docs/models/operations/getseries1responsedata.md
  - docs/models/operations/getseries2animationmodel.md
  - docs/models/operations/getseries2data.md
  - docs/models/operations/getseries2metadata.md
  - docs/models/operations/getseries2responsedata.md
  - docs/models/operations/getseries2responsemetadata.md
  - docs/models/operations/getseries2responsesource.md
  - docs/models/operations/getseries2responsestate.md
  - docs/models/operations/getseries2source.md
  - docs/models/operations/getseries2state.md
  - docs/models/operations/getseries3data.md
  - docs/models/operations/getseries3metadata.md
  - docs/models/operations/getseries3response200data.md
  - docs/models/operations/getseries3response200metadata.md
  - docs/models/operations/getseries3response200source.md
  - docs/models/operations/getseries3response200state.md
  - docs/models/operations/getseries3responsedata.md
  - docs/models/operations/getseries3responsemetadata.md
  - docs/models/operations/getseries3responsesource.md
  - docs/models/operations/getseries3responsestate.md
  - docs/models/operations/getseries3source.md
  - docs/models/operations/getseries3state.md
  - docs/models/operations/getseries6data.md
  - docs/models/operations/getseries6source.md
  - docs/models/operations/getseries7data.md
  - docs/models/operations/getseries7metadata.md
  - docs/models/operations/getseries7state.md
  - docs/models/operations/getseriesaspectratio.md
  - docs/models/operations/getseriescaptionalignment.md
  - docs/models/operations/getseriescaptiontexttransform.md
  - docs/models/operations/getseriescontenttype.md
  - docs/models/operations/getserieslocale.md
  - docs/models/operations/getseriesmediadata.md
  - docs/models/operations/getseriesmediametadata.md
  - docs/models/operations/getseriesmediaresponse200data.md
  - docs/models/operations/getseriesmediaresponse200metadata.md
  - docs/models/operations/getseriesmediaresponsedata.md
  - docs/models/operations/getseriesmediaresponsemetadata.md
  - docs/models/operations/getseriesmediaresponsestate.md
  - docs/models/operations/getseriesmediasource.md
  - docs/models/operations/getseriesmediastate.md
  - docs/models/operations/getseriesprivacylevel.md
  - docs/models/operations/getseriesrecommendations.md
  - docs/models/operations/getseriesrequest.md
  - docs/models/operations/getseriesresponsebody.md
  - docs/models/operations/getseriesresponsecaptionalignment.md
  - docs/models/operations/getseriesresponsecaptiontexttransform.md
  - docs/models/operations/getseriesschedule.md
  - docs/models/operations/getseriestimes.md
  - docs/models/operations/getseriestimezone.md
  - docs/models/operations/getseriestype.md
  - docs/models/operations/getusageresponsebody.md
  - docs/models/operations/getvideorequest.md
  - docs/models/operations/getvideosrequest.md
  - docs/models/operations/getvideosresponsebody.md
  - docs/models/operations/getvoicerequest.md
  - docs/models/operations/getvoicesrequest.md
  - docs/models/operations/image.md
  - docs/models/operations/imageformat.md
  - docs/models/operations/imageinfo.md
  - docs/models/operations/imagemodel.md
  - docs/models/operations/imagequality.md
  - docs/models/operations/imagestyle.md
  - docs/models/operations/large.md
  - docs/models/operations/links.md
  - docs/models/operations/locale.md
  - docs/models/operations/maskimage.md
  - docs/models/operations/media.md
  - docs/models/operations/media1.md
  - docs/models/operations/media2.md
  - docs/models/operations/media3.md
  - docs/models/operations/media4.md
  - docs/models/operations/media5.md
  - docs/models/operations/media6.md
  - docs/models/operations/media7.md
  - docs/models/operations/media8.md
  - docs/models/operations/media9.md
  - docs/models/operations/mediadata.md
  - docs/models/operations/mediaimage.md
  - docs/models/operations/mediametadata.md
  - docs/models/operations/mediaresults.md
  - docs/models/operations/mediasource.md
  - docs/models/operations/mediastate.md
  - docs/models/operations/medium.md
  - docs/models/operations/metadata.md
  - docs/models/operations/model.md
  - docs/models/operations/nine.md
  - docs/models/operations/one.md
  - docs/models/operations/one1.md
  - docs/models/operations/one2.md
  - docs/models/operations/one3.md
  - docs/models/operations/one4.md
  - docs/models/operations/one5.md
  - docs/models/operations/one6.md
  - docs/models/operations/one7.md
  - docs/models/operations/oneaspectratio.md
  - docs/models/operations/onedata.md
  - docs/models/operations/onelinks.md
  - docs/models/operations/onequality.md
  - docs/models/operations/onestate.md
  - docs/models/operations/oneuser.md
  - docs/models/operations/options.md
  - docs/models/operations/privacylevel.md
  - docs/models/operations/profileimage.md
  - docs/models/operations/quality.md
  - docs/models/operations/queryparamlocale.md
  - docs/models/operations/questions.md
  - docs/models/operations/quiz.md
  - docs/models/operations/recommendations.md
  - docs/models/operations/responsebody1.md
  - docs/models/operations/responsebody2.md
  - docs/models/operations/responsebodystate.md
  - docs/models/operations/result.md
  - docs/models/operations/results.md
  - docs/models/operations/schedule.md
  - docs/models/operations/seven.md
  - docs/models/operations/seven1.md
  - docs/models/operations/seven2.md
  - docs/models/operations/sevenaspectratio.md
  - docs/models/operations/sevendata.md
  - docs/models/operations/sevenmetadata.md
  - docs/models/operations/sevenstate.md
  - docs/models/operations/six.md
  - docs/models/operations/six1.md
  - docs/models/operations/six2.md
  - docs/models/operations/sixdata.md
  - docs/models/operations/sixmetadata.md
  - docs/models/operations/sixsource.md
  - docs/models/operations/sixstate.md
  - docs/models/operations/small.md
  - docs/models/operations/soundtrack.md
  - docs/models/operations/soundtrackbehavior.md
  - docs/models/operations/source.md
  - docs/models/operations/sourcemedia.md
  - docs/models/operations/src.md
  - docs/models/operations/state.md
  - docs/models/operations/status.md
  - docs/models/operations/styles.md
  - docs/models/operations/ten.md
  - docs/models/operations/theme.md
  - docs/models/operations/three.md
  - docs/models/operations/three1.md
  - docs/models/operations/three2.md
  - docs/models/operations/three3.md
  - docs/models/operations/three4.md
  - docs/models/operations/threedata.md
  - docs/models/operations/threeimage.md
  - docs/models/operations/threemaskimage.md
  - docs/models/operations/threemetadata.md
  - docs/models/operations/threeresults.md
  - docs/models/operations/threesource.md
  - docs/models/operations/threestate.md
  - docs/models/operations/thumbnail.md
  - docs/models/operations/tiktoksettings.md
  - docs/models/operations/times.md
  - docs/models/operations/timezone.md
  - docs/models/operations/tiny.md
  - docs/models/operations/topics.md
  - docs/models/operations/tracks.md
  - docs/models/operations/two.md
  - docs/models/operations/two1.md
  - docs/models/operations/two2.md
  - docs/models/operations/two3.md
  - docs/models/operations/twoanimationmodel.md
  - docs/models/operations/twoaspectratio.md
  - docs/models/operations/twodata.md
  - docs/models/operations/twometadata.md
  - docs/models/operations/twoquality.md
  - docs/models/operations/twosource.md
  - docs/models/operations/twostate.md
  - docs/models/operations/type.md
  - docs/models/operations/ugcmedia.md
  - docs/models/operations/ugcmedia1.md
  - docs/models/operations/ugcmedia2.md
  - docs/models/operations/ugcmediadata.md
  - docs/models/operations/ugcmediametadata.md
  - docs/models/operations/ugcmediasource.md
  - docs/models/operations/ugcmediastate.md
  - docs/models/operations/urls.md
  - docs/models/operations/user.md
  - docs/models/operations/video.md
  - docs/models/operations/videofiles.md
  - docs/models/operations/videopictures.md
  - docs/models/operations/videos.md
  - docs/models/operations/voice.md
  - docs/models/operations/xsettings.md
  - docs/models/operations/youtubesettings.md
  - docs/sdks/shortgenius/README.md
  - docs/sdks/status/README.md
  - eslint.config.mjs
  - jsr.json
  - package.json
  - src/core.ts
  - src/funcs/createImage.ts
  - src/funcs/createSeries.ts
  - src/funcs/createSpeech.ts
  - src/funcs/createVideo.ts
  - src/funcs/draftNewsVideo.ts
  - src/funcs/draftQuizVideo.ts
  - src/funcs/draftVideo.ts
  - src/funcs/draftVideoFromScript.ts
  - src/funcs/draftVideoFromURL.ts
  - src/funcs/generateVideoTopics.ts
  - src/funcs/getAllAudio.ts
  - src/funcs/getAllSeries.ts
  - src/funcs/getAudio.ts
  - src/funcs/getConnections.ts
  - src/funcs/getImage.ts
  - src/funcs/getImageStyles.ts
  - src/funcs/getImages.ts
  - src/funcs/getMusic.ts
  - src/funcs/getMusicGenres.ts
  - src/funcs/getSeries.ts
  - src/funcs/getUsage.ts
  - src/funcs/getVideo.ts
  - src/funcs/getVideos.ts
  - src/funcs/getVoice.ts
  - src/funcs/getVoices.ts
  - src/funcs/statusCheck.ts
  - src/hooks/hooks.ts
  - src/hooks/index.ts
  - src/hooks/types.ts
  - src/index.ts
  - src/lib/base64.ts
  - src/lib/config.ts
  - src/lib/dlv.ts
  - src/lib/encodings.ts
  - src/lib/env.ts
  - src/lib/files.ts
  - src/lib/http.ts
  - src/lib/is-plain-object.ts
  - src/lib/logger.ts
  - src/lib/matchers.ts
  - src/lib/primitives.ts
  - src/lib/retries.ts
  - src/lib/schemas.ts
  - src/lib/sdks.ts
  - src/lib/security.ts
  - src/lib/url.ts
  - src/mcp-server/build.mts
  - src/mcp-server/cli.ts
  - src/mcp-server/cli/start/command.ts
  - src/mcp-server/cli/start/impl.ts
  - src/mcp-server/console-logger.ts
  - src/mcp-server/extensions.ts
  - src/mcp-server/mcp-server.ts
  - src/mcp-server/prompts.ts
  - src/mcp-server/resources.ts
  - src/mcp-server/scopes.ts
  - src/mcp-server/server.ts
  - src/mcp-server/shared.ts
  - src/mcp-server/tools.ts
  - src/mcp-server/tools/createImage.ts
  - src/mcp-server/tools/createSeries.ts
  - src/mcp-server/tools/createSpeech.ts
  - src/mcp-server/tools/createVideo.ts
  - src/mcp-server/tools/draftNewsVideo.ts
  - src/mcp-server/tools/draftQuizVideo.ts
  - src/mcp-server/tools/draftVideo.ts
  - src/mcp-server/tools/draftVideoFromScript.ts
  - src/mcp-server/tools/draftVideoFromURL.ts
  - src/mcp-server/tools/generateVideoTopics.ts
  - src/mcp-server/tools/getAllAudio.ts
  - src/mcp-server/tools/getAllSeries.ts
  - src/mcp-server/tools/getAudio.ts
  - src/mcp-server/tools/getConnections.ts
  - src/mcp-server/tools/getImage.ts
  - src/mcp-server/tools/getImageStyles.ts
  - src/mcp-server/tools/getImages.ts
  - src/mcp-server/tools/getMusic.ts
  - src/mcp-server/tools/getMusicGenres.ts
  - src/mcp-server/tools/getSeries.ts
  - src/mcp-server/tools/getUsage.ts
  - src/mcp-server/tools/getVideo.ts
  - src/mcp-server/tools/getVideos.ts
  - src/mcp-server/tools/getVoice.ts
  - src/mcp-server/tools/getVoices.ts
  - src/mcp-server/tools/statusCheck.ts
  - src/models/components/audio.ts
  - src/models/components/connection.ts
  - src/models/components/draftquizvideo.ts
  - src/models/components/draftscene.ts
  - src/models/components/draftvideo.ts
  - src/models/components/image.ts
  - src/models/components/imagestyle.ts
  - src/models/components/index.ts
  - src/models/components/musicgenre.ts
  - src/models/components/security.ts
  - src/models/components/series.ts
  - src/models/components/song.ts
  - src/models/components/video.ts
  - src/models/components/voice.ts
  - src/models/errors/apierror.ts
  - src/models/errors/createimage.ts
  - src/models/errors/createseries.ts
  - src/models/errors/createspeech.ts
  - src/models/errors/createvideo.ts
  - src/models/errors/draftnewsvideo.ts
  - src/models/errors/draftquizvideo.ts
  - src/models/errors/draftvideo.ts
  - src/models/errors/draftvideofromscript.ts
  - src/models/errors/draftvideofromurl.ts
  - src/models/errors/generatevideotopics.ts
  - src/models/errors/getallaudio.ts
  - src/models/errors/getallseries.ts
  - src/models/errors/getaudio.ts
  - src/models/errors/getconnections.ts
  - src/models/errors/getimage.ts
  - src/models/errors/getimages.ts
  - src/models/errors/getimagestyles.ts
  - src/models/errors/getmusic.ts
  - src/models/errors/getseries.ts
  - src/models/errors/getvideo.ts
  - src/models/errors/getvideos.ts
  - src/models/errors/getvoice.ts
  - src/models/errors/getvoices.ts
  - src/models/errors/httpclienterrors.ts
  - src/models/errors/index.ts
  - src/models/errors/responsevalidationerror.ts
  - src/models/errors/sdkvalidationerror.ts
  - src/models/errors/shortgeniuserror.ts
  - src/models/operations/checkhealth.ts
  - src/models/operations/createimage.ts
  - src/models/operations/createseries.ts
  - src/models/operations/createspeech.ts
  - src/models/operations/createvideo.ts
  - src/models/operations/draftnewsvideo.ts
  - src/models/operations/draftquizvideo.ts
  - src/models/operations/draftvideo.ts
  - src/models/operations/draftvideofromscript.ts
  - src/models/operations/draftvideofromurl.ts
  - src/models/operations/generatevideotopics.ts
  - src/models/operations/getallaudio.ts
  - src/models/operations/getallseries.ts
  - src/models/operations/getaudio.ts
  - src/models/operations/getimage.ts
  - src/models/operations/getimages.ts
  - src/models/operations/getmusic.ts
  - src/models/operations/getseries.ts
  - src/models/operations/getusage.ts
  - src/models/operations/getvideo.ts
  - src/models/operations/getvideos.ts
  - src/models/operations/getvoice.ts
  - src/models/operations/getvoices.ts
  - src/models/operations/index.ts
  - src/sdk/index.ts
  - src/sdk/sdk.ts
  - src/sdk/status.ts
  - src/types/async.ts
  - src/types/blobs.ts
  - src/types/constdatetime.ts
  - src/types/enums.ts
  - src/types/fp.ts
  - src/types/index.ts
  - src/types/operations.ts
  - src/types/rfcdate.ts
  - src/types/streams.ts
  - tsconfig.json
examples:
  getMusicGenres:
    speakeasy-default-get-music-genres:
      responses:
        "200":
          application/json: [{"name": "Classical", "recommended_for_locales": ["ur-PK"]}]
  getMusic:
    speakeasy-default-get-music:
      parameters:
        path:
          id: "<id>"
      responses:
        "200":
          application/json: [{"id": "<id>", "name": "<value>", "preview_url": "https://thorough-thread.com"}]
        "400":
          application/json: {}
  draftVideo:
    speakeasy-default-draft-video:
      requestBody:
        application/json: {"topic": "<value>", "duration": "420", "locale": "auto"}
      responses:
        "200":
          application/json: {"title": "<value>", "caption": "<value>", "scenes": []}
        "400":
          application/json: {}
        "401":
          application/json: {}
  draftVideoFromURL:
    speakeasy-default-draft-video-from-URL:
      requestBody:
        application/json: {"url": "https://heavenly-teriyaki.net/", "locale": "auto"}
      responses:
        "200":
          application/json: {"title": "<value>", "caption": "<value>", "scenes": []}
        "400":
          application/json: {}
        "401":
          application/json: {}
  draftVideoFromScript:
    speakeasy-default-draft-video-from-script:
      requestBody:
        application/json: {"script": "<value>"}
      responses:
        "200":
          application/json: {"title": "<value>", "caption": "<value>", "scenes": []}
        "400":
          application/json: {}
        "401":
          application/json: {}
  draftQuizVideo:
    speakeasy-default-draft-quiz-video:
      requestBody:
        application/json: {"topic": "<value>", "locale": "auto"}
      responses:
        "200":
          application/json: {"title": "<value>", "caption": "<value>", "quiz": {"questions": [{"question": "<value>", "options": []}], "results": {"header": "<value>", "explanation": "<value>", "categories": [{"score_range": "<value>", "title": "<value>"}]}}}
        "400":
          application/json: {}
        "401":
          application/json: {}
  draftNewsVideo:
    speakeasy-default-draft-news-video:
      requestBody:
        application/json: {"topic": "<value>", "locale": "auto"}
      responses:
        "200":
          application/json: {"title": "<value>", "caption": "<value>", "scenes": []}
        "400":
          application/json: {}
        "401":
          application/json: {}
  getVideo:
    speakeasy-default-get-video:
      parameters:
        path:
          id: "f734fa53-702b-4fdb-a03d-8537d6f38473"
      responses:
        "200":
          application/json: {"id": "8cb25902-81b6-4ceb-9058-a34d9b6d9745", "created_at": "1726317880547", "series_id": "6aaec329-ce83-4486-a622-b921b13c0be9", "publishing_state": "skipped", "publish_at": "<value>"}
        "400":
          application/json: {}
  getVideos:
    speakeasy-default-get-videos:
      parameters:
        query:
          page: 0
          limit: 20
      responses:
        "200":
          application/json: {"videos": [{"id": "10b8e448-2ada-4015-aa5c-831f8e9d0195", "created_at": "1720763195608", "series_id": "0fadf06b-e0fa-4204-b21a-04cffc34da9c", "publishing_state": "pending", "publish_at": "<value>"}], "has_more": false}
        "400":
          application/json: {}
  createVideo:
    speakeasy-default-create-video:
      requestBody:
        application/json: {"content_type": "Custom", "locale": "auto", "connection_ids": ["04477ca1-5eaf-4beb-a18c-deab4082a26f"], "aspect_ratio": "9:16", "voice_playback_rate": 100, "voice_volume": 100, "soundtrack_playback_rate": 100, "soundtrack_volume": 100, "title": "<value>", "caption": "<value>"}
      responses:
        "200":
          application/json: {"id": "212dfc0a-6c60-4c17-a26f-7312720d3fc1", "created_at": "1714021158420", "series_id": "c82514a7-11ad-44f3-aea3-42fa66e59512", "publishing_state": "pending", "publish_at": "<value>"}
        "400":
          application/json: {}
        "401":
          application/json: {}
  generateVideoTopics:
    speakeasy-default-generate-video-topics:
      requestBody:
        application/json: {"locale": "auto", "number_of_topics": 50, "content_type": "Custom"}
      responses:
        "200":
          application/json: ["<value 1>", "<value 2>", "<value 3>"]
        "400":
          application/json: {}
        "401":
          application/json: {}
  createSeries:
    speakeasy-default-create-series:
      requestBody:
        application/json: {"content_type": "Custom", "locale": "auto", "connection_ids": ["766953de-9e78-4ce4-924f-9dd1cace4472", "b0f9c30e-78ea-456a-aa87-ea8e6384f404"], "aspect_ratio": "9:16", "voice_playback_rate": 100, "voice_volume": 100, "soundtrack_playback_rate": 100, "soundtrack_volume": 100}
      responses:
        "200":
          application/json: {"id": "3e096d60-cfaf-4e38-b065-7ed5ff2973e9", "created_at": "1716671063038", "next_posting_at": "<value>", "type": "SingleVideo", "schedule": {"time_zone": "Pacific/Kiritimati", "times": []}, "aspect_ratio": "16:9", "soundtrack_behavior": "FullMusic", "locale": "sk-SK", "soundtrack": {"tracks": [{"url": "https://silky-tooth.biz"}], "recommendations": [{"url": "https://trusting-impostor.name", "reason": "<value>"}], "playback_rate": 8297.47, "volume": 3082.94}, "styles": {}, "image_style": {}, "voice": {"voices": [], "playback_rate": 2841.74, "volume": 2144.77}, "connections": []}
        "400":
          application/json: {}
        "401":
          application/json: {}
  getAllSeries:
    speakeasy-default-get-all-series:
      parameters:
        query:
          page: 0
          limit: 50
      responses:
        "200":
          application/json: {"series": [{"id": "cf1d7638-cac7-4b57-a839-d5dac758f3b1", "created_at": "1712506782052", "next_posting_at": "<value>", "type": "Series", "schedule": {"time_zone": "America/Port-au-Prince", "times": []}, "aspect_ratio": "1:1", "soundtrack_behavior": "FullMusic", "locale": "cs-CZ", "soundtrack": {"tracks": [{"url": "https://timely-popularity.info"}], "recommendations": [], "playback_rate": 5708.03, "volume": 4567.5}, "styles": {}, "image_style": {}, "voice": {"voices": [], "playback_rate": 6947.47, "volume": 36.97}, "connections": [{"id": "f6cdac89-ae2c-4c1b-8d87-2f57597beed7", "type": "X"}]}], "has_more": false}
        "400":
          application/json: {}
  getSeries:
    speakeasy-default-get-series:
      parameters:
        path:
          id: "0231886f-3b96-4b19-a947-9c24ac08ce54"
      responses:
        "200":
          application/json: {"id": "0d62c508-b005-458d-ac2d-5fb0f0271e31", "created_at": "1718656364741", "next_posting_at": "<value>", "type": "SingleVideo", "schedule": {"time_zone": "Asia/Anadyr", "times": [{"day_of_week": 3569.58, "time_of_day": 9598.61}]}, "aspect_ratio": "9:16", "soundtrack_behavior": "MutedAfter60s", "locale": "vi-VN", "soundtrack": {"tracks": [{"url": "https://flimsy-produce.info/"}], "recommendations": [], "playback_rate": 3951.51, "volume": 4964.96}, "styles": {}, "image_style": {}, "voice": {"voices": [{"id": "<id>", "name": "<value>", "description": "kaleidoscopic unbearably across", "tags": {}, "preview_url": "https://rusty-plugin.info/", "locale": "ca-ES", "source": "ElevenLabsShared"}], "playback_rate": 5053.68, "volume": 2971.36}, "connections": [], "episodes": []}
        "400":
          application/json: {}
  getConnections:
    speakeasy-default-get-connections:
      responses:
        "200":
          application/json: [{"id": "67ba90b5-06a6-4c9f-bf80-fd9c06ad5db4", "type": "TikTok"}]
        "401":
          application/json: {}
  createImage:
    speakeasy-default-create-image:
      requestBody:
        application/json: {"prompt": "<value>", "aspect_ratio": "9:16", "wait_for_generation": false, "model": "OpenAI", "quality": "high"}
      responses:
        "200":
          application/json: {"id": "d16a5b33-6b30-4faf-b407-faaad489dc0c", "url": "https://arid-meatloaf.name/", "type": "GeneratedImage", "state": "completed", "created_at": "1721675566780", "prompt": "<value>", "is_nsfw": false, "aspect_ratio": "9:16"}
        "400":
          application/json: {}
        "401":
          application/json: {}
  getImages:
    speakeasy-default-get-images:
      parameters:
        query:
          page: 0
          limit: 50
          for_public: 0
      responses:
        "200":
          application/json: {"images": [], "has_more": false}
        "400":
          application/json: {}
  getImage:
    speakeasy-default-get-image:
      parameters:
        path:
          id: "<id>"
      responses:
        "200":
          application/json: {"id": "551c8316-ae6d-4fe8-a28c-f6bf8aa0968d", "url": "https://robust-descent.name", "type": "UgcCreator", "state": "completed", "created_at": "1730029737769"}
        "400":
          application/json: {}
  getImageStyles:
    speakeasy-default-get-image-styles:
      responses:
        "200":
          application/json: [{"id": "f7411904-7eeb-439d-a262-03f0b728823b", "name": "<value>", "privacy": "Public", "prompt": "<value>", "examples": []}]
        "400":
          application/json: {}
  createSpeech:
    speakeasy-default-create-speech:
      requestBody:
        application/json: {"text": "<value>", "locale": "auto", "voice_id": "<id>", "wait_for_generation": false}
      responses:
        "200":
          application/json: {"id": "855130ed-d0f5-4b83-91b1-7a5e6c896e56", "created_at": "1713189620388", "url": "https://unlucky-tomb.org/", "user_id": "c1b86460-8d45-45e4-80d4-207ebaee7912", "state": "completed", "text": "<value>", "voice": {"id": "<id>", "name": "<value>", "description": "adventurously excepting astride fond if when vainly swiftly enhance millet", "tags": {}, "preview_url": "https://astonishing-remark.net/", "locale": null, "source": "ElevenLabsShared"}}
        "400":
          application/json: {}
        "401":
          application/json: {}
  getAllAudio:
    speakeasy-default-get-all-audio:
      parameters:
        query:
          page: 0
          limit: 50
          for_public: 0
      responses:
        "200":
          application/json: {"audio": [{"id": "f93de7fe-4a33-4dc8-8761-d8c7bf68f372", "created_at": "1724543682014", "url": "https://favorite-tomb.com", "user_id": "ea4d0838-4fd5-4237-ac6d-893b00c29d67", "state": "generating", "text": "<value>", "voice": {"id": "<id>", "name": "<value>", "description": null, "tags": {}, "preview_url": "https://tedious-challenge.info", "locale": "ca-ES", "source": "CartesiaClonedVoice"}}], "has_more": true}
        "400":
          application/json: {}
  getAudio:
    speakeasy-default-get-audio:
      parameters:
        path:
          id: "<id>"
      responses:
        "200":
          application/json: {"id": "e5097f26-7c28-4b4f-be9e-6418f8971471", "created_at": "1715490334475", "url": "https://deadly-heroine.info/", "user_id": "58f49a47-247c-457b-8e86-6995666eabd2", "state": "pending", "text": "<value>", "voice": {"id": "<id>", "name": "<value>", "description": "than and jiggle condense", "tags": {}, "preview_url": "https://flawed-fit.biz", "locale": "it-IT", "source": "OpenAI"}}
        "400":
          application/json: {}
  getVoices:
    speakeasy-default-get-voices:
      parameters:
        query:
          locale: "auto"
          page: 0
          limit: 20
      responses:
        "200":
          application/json: [{"id": "<id>", "name": "<value>", "description": "mid gee but nor blushing yum", "tags": {}, "preview_url": "https://excellent-compromise.name/", "locale": "af-ZA", "source": "CartesiaClonedVoice"}]
        "400":
          application/json: {}
  getVoice:
    speakeasy-default-get-voice:
      parameters:
        path:
          id: "<id>"
      responses:
        "200":
          application/json: {"id": "<id>", "name": "<value>", "description": "designation joyously excited sympathetically keenly miserably about sentimental", "tags": {}, "preview_url": null, "locale": "it-IT", "source": "ElevenLabs"}
        "400":
          application/json: {}
  getUsage:
    speakeasy-default-get-usage:
      responses:
        "200":
          application/json: {"balance": {"credits": 9378.9}}
  checkHealth:
    speakeasy-default-check-health:
      responses:
        "200":
          application/json: {"status": "ok"}
examplesVersion: 1.0.2
generatedTests: {}
