speakeasyVersion: 1.513.2
sources:
    ShortGenius API:
        sourceNamespace: short-genius-api
        sourceRevisionDigest: sha256:075be2821bf27cac79c86939eb06c7830ccb5e37687289eac99834bac21cbb8c
        sourceBlobDigest: sha256:16962e5595261d73847a98236ebec9fea51559472ef986d2c433f590d3482f19
        tags:
            - latest
            - speakeasy-sdk-regen-1741309602
            - 1.0.0
targets:
    shortgenius:
        source: ShortGenius API
        sourceNamespace: short-genius-api
        sourceRevisionDigest: sha256:075be2821bf27cac79c86939eb06c7830ccb5e37687289eac99834bac21cbb8c
        sourceBlobDigest: sha256:16962e5595261d73847a98236ebec9fea51559472ef986d2c433f590d3482f19
        codeSamplesNamespace: short-genius-api-typescript-code-samples
        codeSamplesRevisionDigest: sha256:c4737dcd9f9b3f7f2f0622d87d6711d90bb431e5d9e481b368856d5222d567ec
workflow:
    workflowVersion: 1.0.0
    speakeasyVersion: latest
    sources:
        ShortGenius API:
            inputs:
                - location: https://shortgenius.com/openapi.yaml
            overlays:
                - location: .speakeasy/speakeasy-modifications-overlay.yaml
            registry:
                location: registry.speakeasyapi.dev/shortgenius/production/short-genius-api
    targets:
        shortgenius:
            target: typescript
            source: ShortGenius API
            publish:
                npm:
                    token: $npm_token
            codeSamples:
                registry:
                    location: registry.speakeasyapi.dev/shortgenius/production/short-genius-api-typescript-code-samples
                labelOverride:
                    fixedValue: Typescript (SDK)
                blocking: false
