speakeasyVersion: 1.493.0
sources:
    ShortGenius API:
        sourceNamespace: short-genius-api
        sourceRevisionDigest: sha256:34251fcb4314d5bd83e02342ee69412913aeba13af286548573f3cd9a7079e3c
        sourceBlobDigest: sha256:d0ac0501a75c28c0832122ba93d5ea9c41cfda9447b9d3e3200eb19505f1ac32
        tags:
            - latest
            - 1.0.0
targets:
    shortgenius:
        source: ShortGenius API
        sourceNamespace: short-genius-api
        sourceRevisionDigest: sha256:34251fcb4314d5bd83e02342ee69412913aeba13af286548573f3cd9a7079e3c
        sourceBlobDigest: sha256:d0ac0501a75c28c0832122ba93d5ea9c41cfda9447b9d3e3200eb19505f1ac32
        codeSamplesNamespace: short-genius-api-typescript-code-samples
        codeSamplesRevisionDigest: sha256:4ccc5a657ee2c9ce310f7d2793220107bef4e5f0202d2c910ca8bc788f80a95a
workflow:
    workflowVersion: 1.0.0
    speakeasyVersion: latest
    sources:
        ShortGenius API:
            inputs:
                - location: https://shortgenius.com/openapi.yaml
            overlays:
                - location: .speakeasy/speakeasy-modifications-overlay.yaml
            registry:
                location: registry.speakeasyapi.dev/shortgenius/production/short-genius-api
    targets:
        shortgenius:
            target: typescript
            source: ShortGenius API
            codeSamples:
                registry:
                    location: registry.speakeasyapi.dev/shortgenius/production/short-genius-api-typescript-code-samples
                labelOverride:
                    fixedValue: Typescript (SDK)
                blocking: false
