speakeasyVersion: 1.570.2
sources:
    ShortGenius API:
        sourceNamespace: short-genius-api
        sourceRevisionDigest: sha256:b4fa2799ae6b8e4f7718a0d18980e853724a52de7a515c73496337edecdad2ef
        sourceBlobDigest: sha256:d21c91226d7365942aba2e25e364416d2adc9ac1263ea10782b161826aef9935
        tags:
            - latest
            - speakeasy-sdk-regen-1750986958
            - 1.0.0
targets:
    shortgenius:
        source: ShortGenius API
        sourceNamespace: short-genius-api
        sourceRevisionDigest: sha256:b4fa2799ae6b8e4f7718a0d18980e853724a52de7a515c73496337edecdad2ef
        sourceBlobDigest: sha256:d21c91226d7365942aba2e25e364416d2adc9ac1263ea10782b161826aef9935
        codeSamplesNamespace: short-genius-api-typescript-code-samples
        codeSamplesRevisionDigest: sha256:a28179a3ce0339e66c5847971ded9f8807e8458c12de04bb11e3a9edb014df22
workflow:
    workflowVersion: 1.0.0
    speakeasyVersion: latest
    sources:
        ShortGenius API:
            inputs:
                - location: https://shortgenius.com/openapi.yaml
            overlays:
                - location: .speakeasy/speakeasy-modifications-overlay.yaml
            registry:
                location: registry.speakeasyapi.dev/shortgenius/production/short-genius-api
    targets:
        shortgenius:
            target: typescript
            source: ShortGenius API
            publish:
                npm:
                    token: $npm_token
            codeSamples:
                registry:
                    location: registry.speakeasyapi.dev/shortgenius/production/short-genius-api-typescript-code-samples
                labelOverride:
                    fixedValue: Typescript (SDK)
                blocking: false
